github.com/dlclark/regexp2 v1.11.4 h1:rPYF9/LECdNymJufQKmri9gV604RvvABwgOA8un7yAo=
github.com/dlclark/regexp2 v1.11.4/go.mod h1:DHkYz0B9wPfa6wondMfaivmHpzrQ3v9q8cnmRbL6yW8=
github.com/google/go-cmp v0.6.0 h1:ofyhxvXcZhMsU5ulbFiLKl/XBFqE1GSq7atu8tAmTRI=
github.com/google/go-cmp v0.6.0/go.mod h1:17dUlkBOakJ0+DkrSSNjCkIjxS6bF9zb3elmeNGIjoY=
github.com/kkdai/cyk v0.0.0-20181107105257-d39a1d2186f4 h1:BNX8qKxMIwDstP80HtLL8mxjeYGvj2Dbyi+7Mqkco0Y=
github.com/kkdai/cyk v0.0.0-20181107105257-d39a1d2186f4/go.mod h1:GF0FFxNWtRYGCvplO/OAO5t2+lXzQGNZ+Sb4kwFjXuk=
